{
  "name": "@0bdx/gen-class",
  "version": "0.0.2",
  "lockfileVersion": 2,
  "requires": true,
  "packages": {
    "": {
      "name": "@0bdx/gen-class",
      "version": "0.0.2",
      "license": "MIT",
      "dependencies": {
        "@0bdx/ainta": "^0.0.18"
      },
      "bin": {
        "gen-class": "bin/gen-class.js"
      },
      "devDependencies": {
        "@0bdx/build-helpers": "^0.0.4",
        "@types/node": "^18.15.12",
        "rollup": "^3.20.6"
      },
      "engines": {
        "node": ">= 14.0.0"
      }
    },
    "node_modules/@0bdx/ainta": {
      "version": "0.0.18",
      "resolved": "https://registry.npmjs.org/@0bdx/ainta/-/ainta-0.0.18.tgz",
      "integrity": "sha512-PZI23w7+3HqChMRpO3NKWXlRXH7aKExRYV7sp5rT0ujh8qj13DihVQAH39SKxKSqdQ+56JXO9REjZ3pkghTv7g==",
      "engines": {
        "node": ">= 14.0.0"
      }
    },
    "node_modules/@0bdx/build-helpers": {
      "version": "0.0.4",
      "resolved": "https://registry.npmjs.org/@0bdx/build-helpers/-/build-helpers-0.0.4.tgz",
      "integrity": "sha512-Uro0Mpdhhwi9bAYuPP/SAPnbB/y0le4xwYcEJiBvOlaetiEyGoLeGNROobUYTpx/8qmIQDCszBU65k8vCqepnA==",
      "dev": true,
      "engines": {
        "node": ">= 14.0.0"
      }
    },
    "node_modules/@types/node": {
      "version": "18.15.12",
      "resolved": "https://registry.npmjs.org/@types/node/-/node-18.15.12.tgz",
      "integrity": "sha512-Wha1UwsB3CYdqUm2PPzh/1gujGCNtWVUYF0mB00fJFoR4gTyWTDPjSm+zBF787Ahw8vSGgBja90MkgFwvB86Dg==",
      "dev": true
    },
    "node_modules/fsevents": {
      "version": "2.3.2",
      "resolved": "https://registry.npmjs.org/fsevents/-/fsevents-2.3.2.tgz",
      "integrity": "sha512-xiqMQR4xAeHTuB9uWm+fFRcIOgKBMiOBP+eXiyT7jsgVCq1bkVygt00oASowB7EdtpOHaaPgKt812P9ab+DDKA==",
      "dev": true,
      "hasInstallScript": true,
      "optional": true,
      "os": [
        "darwin"
      ],
      "engines": {
        "node": "^8.16.0 || ^10.6.0 || >=11.0.0"
      }
    },
    "node_modules/rollup": {
      "version": "3.20.6",
      "resolved": "https://registry.npmjs.org/rollup/-/rollup-3.20.6.tgz",
      "integrity": "sha512-2yEB3nQXp/tBQDN0hJScJQheXdvU2wFhh6ld7K/aiZ1vYcak6N/BKjY1QrU6BvO2JWYS8bEs14FRaxXosxy2zw==",
      "dev": true,
      "bin": {
        "rollup": "dist/bin/rollup"
      },
      "engines": {
        "node": ">=14.18.0",
        "npm": ">=8.0.0"
      },
      "optionalDependencies": {
        "fsevents": "~2.3.2"
      }
    }
  },
  "dependencies": {
    "@0bdx/ainta": {
      "version": "0.0.18",
      "resolved": "https://registry.npmjs.org/@0bdx/ainta/-/ainta-0.0.18.tgz",
      "integrity": "sha512-PZI23w7+3HqChMRpO3NKWXlRXH7aKExRYV7sp5rT0ujh8qj13DihVQAH39SKxKSqdQ+56JXO9REjZ3pkghTv7g=="
    },
    "@0bdx/build-helpers": {
      "version": "0.0.4",
      "resolved": "https://registry.npmjs.org/@0bdx/build-helpers/-/build-helpers-0.0.4.tgz",
      "integrity": "sha512-Uro0Mpdhhwi9bAYuPP/SAPnbB/y0le4xwYcEJiBvOlaetiEyGoLeGNROobUYTpx/8qmIQDCszBU65k8vCqepnA==",
      "dev": true
    },
    "@types/node": {
      "version": "18.15.12",
      "resolved": "https://registry.npmjs.org/@types/node/-/node-18.15.12.tgz",
      "integrity": "sha512-Wha1UwsB3CYdqUm2PPzh/1gujGCNtWVUYF0mB00fJFoR4gTyWTDPjSm+zBF787Ahw8vSGgBja90MkgFwvB86Dg==",
      "dev": true
    },
    "fsevents": {
      "version": "2.3.2",
      "resolved": "https://registry.npmjs.org/fsevents/-/fsevents-2.3.2.tgz",
      "integrity": "sha512-xiqMQR4xAeHTuB9uWm+fFRcIOgKBMiOBP+eXiyT7jsgVCq1bkVygt00oASowB7EdtpOHaaPgKt812P9ab+DDKA==",
      "dev": true,
      "optional": true
    },
    "rollup": {
      "version": "3.20.6",
      "resolved": "https://registry.npmjs.org/rollup/-/rollup-3.20.6.tgz",
      "integrity": "sha512-2yEB3nQXp/tBQDN0hJScJQheXdvU2wFhh6ld7K/aiZ1vYcak6N/BKjY1QrU6BvO2JWYS8bEs14FRaxXosxy2zw==",
      "dev": true,
      "requires": {
        "fsevents": "~2.3.2"
      }
    }
  }
}
